
Microsoft Visual Studio Solution File, Format Version 12.00
# Visual Studio Version 16
VisualStudioVersion = 16.0.30804.86
MinimumVisualStudioVersion = 10.0.40219.1
Project("{9A19103F-16F7-4668-BE54-9A1E7A4F7556}") = "task1", "task1\task1.csproj", "{CA0FECA1-E6F9-46C4-BED4-5FF9F9838960}"
EndProject
Project("{9A19103F-16F7-4668-BE54-9A1E7A4F7556}") = "task2", "task2\task2.csproj", "{33FD0BEF-3D77-461F-98A6-208CF424A204}"
EndProject
Project("{9A19103F-16F7-4668-BE54-9A1E7A4F7556}") = "task3", "task3\task3.csproj", "{FFC1B447-947E-4ADB-813F-CFB489D9E47C}"
EndProject
Project("{9A19103F-16F7-4668-BE54-9A1E7A4F7556}") = "task4", "task4\task4.csproj", "{37ED9BF3-908A-4245-9375-BFBF06A87B94}"
EndProject
Project("{FAE04EC0-301F-11D3-BF4B-00C04F79EFBC}") = "2023", "2023\2023.csproj", "{034D77A5-7618-4179-8447-561A18D30398}"
EndProject
Global
	GlobalSection(SolutionConfigurationPlatforms) = preSolution
		Debug|Any CPU = Debug|Any CPU
		Release|Any CPU = Release|Any CPU
	EndGlobalSection
	GlobalSection(ProjectConfigurationPlatforms) = postSolution
		{CA0FECA1-E6F9-46C4-BED4-5FF9F9838960}.Debug|Any CPU.ActiveCfg = Debug|Any CPU
		{CA0FECA1-E6F9-46C4-BED4-5FF9F9838960}.Debug|Any CPU.Build.0 = Debug|Any CPU
		{CA0FECA1-E6F9-46C4-BED4-5FF9F9838960}.Release|Any CPU.ActiveCfg = Release|Any CPU
		{CA0FECA1-E6F9-46C4-BED4-5FF9F9838960}.Release|Any CPU.Build.0 = Release|Any CPU
		{33FD0BEF-3D77-461F-98A6-208CF424A204}.Debug|Any CPU.ActiveCfg = Debug|Any CPU
		{33FD0BEF-3D77-461F-98A6-208CF424A204}.Debug|Any CPU.Build.0 = Debug|Any CPU
		{33FD0BEF-3D77-461F-98A6-208CF424A204}.Release|Any CPU.ActiveCfg = Release|Any CPU
		{33FD0BEF-3D77-461F-98A6-208CF424A204}.Release|Any CPU.Build.0 = Release|Any CPU
		{FFC1B447-947E-4ADB-813F-CFB489D9E47C}.Debug|Any CPU.ActiveCfg = Debug|Any CPU
		{FFC1B447-947E-4ADB-813F-CFB489D9E47C}.Debug|Any CPU.Build.0 = Debug|Any CPU
		{FFC1B447-947E-4ADB-813F-CFB489D9E47C}.Release|Any CPU.ActiveCfg = Release|Any CPU
		{FFC1B447-947E-4ADB-813F-CFB489D9E47C}.Release|Any CPU.Build.0 = Release|Any CPU
		{37ED9BF3-908A-4245-9375-BFBF06A87B94}.Debug|Any CPU.ActiveCfg = Debug|Any CPU
		{37ED9BF3-908A-4245-9375-BFBF06A87B94}.Debug|Any CPU.Build.0 = Debug|Any CPU
		{37ED9BF3-908A-4245-9375-BFBF06A87B94}.Release|Any CPU.ActiveCfg = Release|Any CPU
		{37ED9BF3-908A-4245-9375-BFBF06A87B94}.Release|Any CPU.Build.0 = Release|Any CPU
		{034D77A5-7618-4179-8447-561A18D30398}.Debug|Any CPU.ActiveCfg = Debug|Any CPU
		{034D77A5-7618-4179-8447-561A18D30398}.Debug|Any CPU.Build.0 = Debug|Any CPU
		{034D77A5-7618-4179-8447-561A18D30398}.Release|Any CPU.ActiveCfg = Release|Any CPU
		{034D77A5-7618-4179-8447-561A18D30398}.Release|Any CPU.Build.0 = Release|Any CPU
	EndGlobalSection
	GlobalSection(SolutionProperties) = preSolution
		HideSolutionNode = FALSE
	EndGlobalSection
	GlobalSection(ExtensibilityGlobals) = postSolution
		SolutionGuid = {103F9DED-DA08-412D-A2B4-29FE9D280F79}
	EndGlobalSection
EndGlobal
